
Microsoft Visual Studio Solution File, Format Version 12.00
# Visual Studio Version 17
VisualStudioVersion = 17.4.33213.308
MinimumVisualStudioVersion = 10.0.40219.1
Project("{FAE04EC0-301F-11D3-BF4B-00C04F79EFBC}") = "MvcMovie", "MvcMovie.csproj", "{4FD3F3A3-7001-44B2-BA5B-774D5147934A}"
EndProject
Project("{2150E333-8FDC-42A3-9474-1A3956D46DE8}") = "Solution Items", "Solution Items", "{1B3A792B-D6C7-4E79-AAD3-CA8CB5E6FFC9}"
	ProjectSection(SolutionItems) = preProject
		.editorconfig = .editorconfig
	EndProjectSection
EndProject
Global
	GlobalSection(SolutionConfigurationPlatforms) = preSolution
		Debug|Any CPU = Debug|Any CPU
		Release|Any CPU = Release|Any CPU
	EndGlobalSection
	GlobalSection(ProjectConfigurationPlatforms) = postSolution
		{4FD3F3A3-7001-44B2-BA5B-774D5147934A}.Debug|Any CPU.ActiveCfg = Debug|Any CPU
		{4FD3F3A3-7001-44B2-BA5B-774D5147934A}.Debug|Any CPU.Build.0 = Debug|Any CPU
		{4FD3F3A3-7001-44B2-BA5B-774D5147934A}.Release|Any CPU.ActiveCfg = Release|Any CPU
		{4FD3F3A3-7001-44B2-BA5B-774D5147934A}.Release|Any CPU.Build.0 = Release|Any CPU
	EndGlobalSection
	GlobalSection(SolutionProperties) = preSolution
		HideSolutionNode = FALSE
	EndGlobalSection
	GlobalSection(ExtensibilityGlobals) = postSolution
		SolutionGuid = {812F170D-8A94-4578-B062-31BB43214265}
	EndGlobalSection
EndGlobal
